// !$*UTF8*$!
{
	archiveVersion = 1;
	classes = {
	};
	objectVersion = 46;
	objects = {

/* Begin PBXBuildFile section */
		E747D8DC1CED4EFD009443A6 /* AppDelegate.swift in Sources */ = {isa = PBXBuildFile; fileRef = E747D8DB1CED4EFD009443A6 /* AppDelegate.swift */; };
		E747D8DE1CED4EFD009443A6 /* ViewController.swift in Sources */ = {isa = PBXBuildFile; fileRef = E747D8DD1CED4EFD009443A6 /* ViewController.swift */; };
		E747D8E11CED4EFD009443A6 /* Main.storyboard in Resources */ = {isa = PBXBuildFile; fileRef = E747D8DF1CED4EFD009443A6 /* Main.storyboard */; };
		E747D8E31CED4EFD009443A6 /* Assets.xcassets in Resources */ = {isa = PBXBuildFile; fileRef = E747D8E21CED4EFD009443A6 /* Assets.xcassets */; };
		E747D8E61CED4EFD009443A6 /* LaunchScreen.storyboard in Resources */ = {isa = PBXBuildFile; fileRef = E747D8E41CED4EFD009443A6 /* LaunchScreen.storyboard */; };
		E747D8EE1CED5012009443A6 /* Character.swift in Sources */ = {isa = PBXBuildFile; fileRef = E747D8ED1CED5012009443A6 /* Character.swift */; };
		E747D8F01CED53B1009443A6 /* Player.swift in Sources */ = {isa = PBXBuildFile; fileRef = E747D8EF1CED53B1009443A6 /* Player.swift */; };
		E747D8F41CEE952B009443A6 /* Kimara.swift in Sources */ = {isa = PBXBuildFile; fileRef = E747D8F31CEE952B009443A6 /* Kimara.swift */; };
		E747D8F61CEE966D009443A6 /* DevilWizard.swift in Sources */ = {isa = PBXBuildFile; fileRef = E747D8F51CEE966D009443A6 /* DevilWizard.swift */; };
		E747D8F81CEEC410009443A6 /* Enemy.swift in Sources */ = {isa = PBXBuildFile; fileRef = E747D8F71CEEC410009443A6 /* Enemy.swift */; };
/* End PBXBuildFile section */

/* Begin PBXFileReference section */
		E747D8D81CED4EFD009443A6 /* rpgoop.app */ = {isa = PBXFileReference; explicitFileType = wrapper.application; includeInIndex = 0; path = rpgoop.app; sourceTree = BUILT_PRODUCTS_DIR; };
		E747D8DB1CED4EFD009443A6 /* AppDelegate.swift */ = {isa = PBXFileReference; lastKnownFileType = sourcecode.swift; path = AppDelegate.swift; sourceTree = "<group>"; };
		E747D8DD1CED4EFD009443A6 /* ViewController.swift */ = {isa = PBXFileReference; lastKnownFileType = sourcecode.swift; path = ViewController.swift; sourceTree = "<group>"; };
		E747D8E01CED4EFD009443A6 /* Base */ = {isa = PBXFileReference; lastKnownFileType = file.storyboard; name = Base; path = Base.lproj/Main.storyboard; sourceTree = "<group>"; };
		E747D8E21CED4EFD009443A6 /* Assets.xcassets */ = {isa = PBXFileReference; lastKnownFileType = folder.assetcatalog; path = Assets.xcassets; sourceTree = "<group>"; };
		E747D8E51CED4EFD009443A6 /* Base */ = {isa = PBXFileReference; lastKnownFileType = file.storyboard; name = Base; path = Base.lproj/LaunchScreen.storyboard; sourceTree = "<group>"; };
		E747D8E71CED4EFD009443A6 /* Info.plist */ = {isa = PBXFileReference; lastKnownFileType = text.plist.xml; path = Info.plist; sourceTree = "<group>"; };
		E747D8ED1CED5012009443A6 /* Character.swift */ = {isa = PBXFileReference; fileEncoding = 4; lastKnownFileType = sourcecode.swift; path = Character.swift; sourceTree = "<group>"; };
		E747D8EF1CED53B1009443A6 /* Player.swift */ = {isa = PBXFileReference; fileEncoding = 4; lastKnownFileType = sourcecode.swift; path = Player.swift; sourceTree = "<group>"; };
		E747D8F31CEE952B009443A6 /* Kimara.swift */ = {isa = PBXFileReference; fileEncoding = 4; lastKnownFileType = sourcecode.swift; path = Kimara.swift; sourceTree = "<group>"; };
		E747D8F51CEE966D009443A6 /* DevilWizard.swift */ = {isa = PBXFileReference; fileEncoding = 4; lastKnownFileType = sourcecode.swift; path = DevilWizard.swift; sourceTree = "<group>"; };
		E747D8F71CEEC410009443A6 /* Enemy.swift */ = {isa = PBXFileReference; fileEncoding = 4; lastKnownFileType = sourcecode.swift; path = Enemy.swift; sourceTree = "<group>"; };
/* End PBXFileReference section */

/* Begin PBXFrameworksBuildPhase section */
		E747D8D51CED4EFD009443A6 /* Frameworks */ = {
			isa = PBXFrameworksBuildPhase;
			buildActionMask = 2147483647;
			files = (
			);
			runOnlyForDeploymentPostprocessing = 0;
		};
/* End PBXFrameworksBuildPhase section */

/* Begin PBXGroup section */
		E747D8CF1CED4EFD009443A6 = {
			isa = PBXGroup;
			children = (
				E747D8DA1CED4EFD009443A6 /* rpgoop */,
				E747D8D91CED4EFD009443A6 /* Products */,
			);
			sourceTree = "<group>";
		};
		E747D8D91CED4EFD009443A6 /* Products */ = {
			isa = PBXGroup;
			children = (
				E747D8D81CED4EFD009443A6 /* rpgoop.app */,
			);
			name = Products;
			sourceTree = "<group>";
		};
		E747D8DA1CED4EFD009443A6 /* rpgoop */ = {
			isa = PBXGroup;
			children = (
				E747D8ED1CED5012009443A6 /* Character.swift */,
				E747D8EF1CED53B1009443A6 /* Player.swift */,
				E747D8F71CEEC410009443A6 /* Enemy.swift */,
				E747D8F51CEE966D009443A6 /* DevilWizard.swift */,
				E747D8F31CEE952B009443A6 /* Kimara.swift */,
				E747D8DB1CED4EFD009443A6 /* AppDelegate.swift */,
				E747D8DD1CED4EFD009443A6 /* ViewController.swift */,
				E747D8DF1CED4EFD009443A6 /* Main.storyboard */,
				E747D8E21CED4EFD009443A6 /* Assets.xcassets */,
				E747D8E41CED4EFD009443A6 /* LaunchScreen.storyboard */,
				E747D8E71CED4EFD009443A6 /* Info.plist */,
			);
			path = rpgoop;
			sourceTree = "<group>";
		};
/* End PBXGroup section */

/* Begin PBXNativeTarget section */
		E747D8D71CED4EFD009443A6 /* rpgoop */ = {
			isa = PBXNativeTarget;
			buildConfigurationList = E747D8EA1CED4EFD009443A6 /* Build configuration list for PBXNativeTarget "rpgoop" */;
			buildPhases = (
				E747D8D41CED4EFD009443A6 /* Sources */,
				E747D8D51CED4EFD009443A6 /* Frameworks */,
				E747D8D61CED4EFD009443A6 /* Resources */,
			);
			buildRules = (
			);
			dependencies = (
			);
			name = rpgoop;
			productName = rpgoop;
			productReference = E747D8D81CED4EFD009443A6 /* rpgoop.app */;
			productType = "com.apple.product-type.application";
		};
/* End PBXNativeTarget section */

/* Begin PBXProject section */
		E747D8D01CED4EFD009443A6 /* Project object */ = {
			isa = PBXProject;
			attributes = {
				LastSwiftUpdateCheck = 0730;
				LastUpgradeCheck = 0730;
				ORGANIZATIONNAME = fedup;
				TargetAttributes = {
					E747D8D71CED4EFD009443A6 = {
						CreatedOnToolsVersion = 7.3.1;
					};
				};
			};
			buildConfigurationList = E747D8D31CED4EFD009443A6 /* Build configuration list for PBXProject "rpgoop" */;
			compatibilityVersion = "Xcode 3.2";
			developmentRegion = English;
			hasScannedForEncodings = 0;
			knownRegions = (
				en,
				Base,
			);
			mainGroup = E747D8CF1CED4EFD009443A6;
			productRefGroup = E747D8D91CED4EFD009443A6 /* Products */;
			projectDirPath = "";
			projectRoot = "";
			targets = (
				E747D8D71CED4EFD009443A6 /* rpgoop */,
			);
		};
/* End PBXProject section */

/* Begin PBXResourcesBuildPhase section */
		E747D8D61CED4EFD009443A6 /* Resources */ = {
			isa = PBXResourcesBuildPhase;
			buildActionMask = 2147483647;
			files = (
				E747D8E61CED4EFD009443A6 /* LaunchScreen.storyboard in Resources */,
				E747D8E31CED4EFD009443A6 /* Assets.xcassets in Resources */,
				E747D8E11CED4EFD009443A6 /* Main.storyboard in Resources */,
			);
			runOnlyForDeploymentPostprocessing = 0;
		};
/* End PBXResourcesBuildPhase section */

/* Begin PBXSourcesBuildPhase section */
		E747D8D41CED4EFD009443A6 /* Sources */ = {
			isa = PBXSourcesBuildPhase;
			buildActionMask = 2147483647;
			files = (
				E747D8F81CEEC410009443A6 /* Enemy.swift in Sources */,
				E747D8F01CED53B1009443A6 /* Player.swift in Sources */,
				E747D8F41CEE952B009443A6 /* Kimara.swift in Sources */,
				E747D8F61CEE966D009443A6 /* DevilWizard.swift in Sources */,
				E747D8EE1CED5012009443A6 /* Character.swift in Sources */,
				E747D8DE1CED4EFD009443A6 /* ViewController.swift in Sources */,
				E747D8DC1CED4EFD009443A6 /* AppDelegate.swift in Sources */,
			);
			runOnlyForDeploymentPostprocessing = 0;
		};
/* End PBXSourcesBuildPhase section */

/* Begin PBXVariantGroup section */
		E747D8DF1CED4EFD009443A6 /* Main.storyboard */ = {
			isa = PBXVariantGroup;
			children = (
				E747D8E01CED4EFD009443A6 /* Base */,
			);
			name = Main.storyboard;
			sourceTree = "<group>";
		};
		E747D8E41CED4EFD009443A6 /* LaunchScreen.storyboard */ = {
			isa = PBXVariantGroup;
			children = (
				E747D8E51CED4EFD009443A6 /* Base */,
			);
			name = LaunchScreen.storyboard;
			sourceTree = "<group>";
		};
/* End PBXVariantGroup section */

/* Begin XCBuildConfiguration section */
		E747D8E81CED4EFD009443A6 /* Debug */ = {
			isa = XCBuildConfiguration;
			buildSettings = {
				ALWAYS_SEARCH_USER_PATHS = NO;
				CLANG_ANALYZER_NONNULL = YES;
				CLANG_CXX_LANGUAGE_STANDARD = "gnu++0x";
				CLANG_CXX_LIBRARY = "libc++";
				CLANG_ENABLE_MODULES = YES;
				CLANG_ENABLE_OBJC_ARC = YES;
				CLANG_WARN_BOOL_CONVERSION = YES;
				CLANG_WARN_CONSTANT_CONVERSION = YES;
				CLANG_WARN_DIRECT_OBJC_ISA_USAGE = YES_ERROR;
				CLANG_WARN_EMPTY_BODY = YES;
				CLANG_WARN_ENUM_CONVERSION = YES;
				CLANG_WARN_INT_CONVERSION = YES;
				CLANG_WARN_OBJC_ROOT_CLASS = YES_ERROR;
				CLANG_WARN_UNREACHABLE_CODE = YES;
				CLANG_WARN__DUPLICATE_METHOD_MATCH = YES;
				"CODE_SIGN_IDENTITY[sdk=iphoneos*]" = "iPhone Developer";
				COPY_PHASE_STRIP = NO;
				DEBUG_INFORMATION_FORMAT = dwarf;
				ENABLE_STRICT_OBJC_MSGSEND = YES;
				ENABLE_TESTABILITY = YES;
				GCC_C_LANGUAGE_STANDARD = gnu99;
				GCC_DYNAMIC_NO_PIC = NO;
				GCC_NO_COMMON_BLOCKS = YES;
				GCC_OPTIMIZATION_LEVEL = 0;
				GCC_PREPROCESSOR_DEFINITIONS = (
					"DEBUG=1",
					"$(inherited)",
				);
				GCC_WARN_64_TO_32_BIT_CONVERSION = YES;
				GCC_WARN_ABOUT_RETURN_TYPE = YES_ERROR;
				GCC_WARN_UNDECLARED_SELECTOR = YES;
				GCC_WARN_UNINITIALIZED_AUTOS = YES_AGGRESSIVE;
				GCC_WARN_UNUSED_FUNCTION = YES;
				GCC_WARN_UNUSED_VARIABLE = YES;
				IPHONEOS_DEPLOYMENT_TARGET = 9.3;
				MTL_ENABLE_DEBUG_INFO = YES;
				ONLY_ACTIVE_ARCH = YES;
				SDKROOT = iphoneos;
				SWIFT_OPTIMIZATION_LEVEL = "-Onone";
				TARGETED_DEVICE_FAMILY = "1,2";
			};
			name = Debug;
		};
		E747D8E91CED4EFD009443A6 /* Release */ = {
			isa = XCBuildConfiguration;
			buildSettings = {
				ALWAYS_SEARCH_USER_PATHS = NO;
				CLANG_ANALYZER_NONNULL = YES;
				CLANG_CXX_LANGUAGE_STANDARD = "gnu++0x";
				CLANG_CXX_LIBRARY = "libc++";
				CLANG_ENABLE_MODULES = YES;
				CLANG_ENABLE_OBJC_ARC = YES;
				CLANG_WARN_BOOL_CONVERSION = YES;
				CLANG_WARN_CONSTANT_CONVERSION = YES;
				CLANG_WARN_DIRECT_OBJC_ISA_USAGE = YES_ERROR;
				CLANG_WARN_EMPTY_BODY = YES;
				CLANG_WARN_ENUM_CONVERSION = YES;
				CLANG_WARN_INT_CONVERSION = YES;
				CLANG_WARN_OBJC_ROOT_CLASS = YES_ERROR;
				CLANG_WARN_UNREACHABLE_CODE = YES;
				CLANG_WARN__DUPLICATE_METHOD_MATCH = YES;
				"CODE_SIGN_IDENTITY[sdk=iphoneos*]" = "iPhone Developer";
				COPY_PHASE_STRIP = NO;
				DEBUG_INFORMATION_FORMAT = "dwarf-with-dsym";
				ENABLE_NS_ASSERTIONS = NO;
				ENABLE_STRICT_OBJC_MSGSEND = YES;
				GCC_C_LANGUAGE_STANDARD = gnu99;
				GCC_NO_COMMON_BLOCKS = YES;
				GCC_WARN_64_TO_32_BIT_CONVERSION = YES;
				GCC_WARN_ABOUT_RETURN_TYPE = YES_ERROR;
				GCC_WARN_UNDECLARED_SELECTOR = YES;
				GCC_WARN_UNINITIALIZED_AUTOS = YES_AGGRESSIVE;
				GCC_WARN_UNUSED_FUNCTION = YES;
				GCC_WARN_UNUSED_VARIABLE = YES;
				IPHONEOS_DEPLOYMENT_TARGET = 9.3;
				MTL_ENABLE_DEBUG_INFO = NO;
				SDKROOT = iphoneos;
				TARGETED_DEVICE_FAMILY = "1,2";
				VALIDATE_PRODUCT = YES;
			};
			name = Release;
		};
		E747D8EB1CED4EFD009443A6 /* Debug */ = {
			isa = XCBuildConfiguration;
			buildSettings = {
				ASSETCATALOG_COMPILER_APPICON_NAME = AppIcon;
				INFOPLIST_FILE = rpgoop/Info.plist;
				LD_RUNPATH_SEARCH_PATHS = "$(inherited) @executable_path/Frameworks";
				PRODUCT_BUNDLE_IDENTIFIER = com.skwong.rpgoop;
				PRODUCT_NAME = "$(TARGET_NAME)";
			};
			name = Debug;
		};
		E747D8EC1CED4EFD009443A6 /* Release */ = {
			isa = XCBuildConfiguration;
			buildSettings = {
				ASSETCATALOG_COMPILER_APPICON_NAME = AppIcon;
				INFOPLIST_FILE = rpgoop/Info.plist;
				LD_RUNPATH_SEARCH_PATHS = "$(inherited) @executable_path/Frameworks";
				PRODUCT_BUNDLE_IDENTIFIER = com.skwong.rpgoop;
				PRODUCT_NAME = "$(TARGET_NAME)";
			};
			name = Release;
		};
/* End XCBuildConfiguration section */

/* Begin XCConfigurationList section */
		E747D8D31CED4EFD009443A6 /* Build configuration list for PBXProject "rpgoop" */ = {
			isa = XCConfigurationList;
			buildConfigurations = (
				E747D8E81CED4EFD009443A6 /* Debug */,
				E747D8E91CED4EFD009443A6 /* Release */,
			);
			defaultConfigurationIsVisible = 0;
			defaultConfigurationName = Release;
		};
		E747D8EA1CED4EFD009443A6 /* Build configuration list for PBXNativeTarget "rpgoop" */ = {
			isa = XCConfigurationList;
			buildConfigurations = (
				E747D8EB1CED4EFD009443A6 /* Debug */,
				E747D8EC1CED4EFD009443A6 /* Release */,
			);
			defaultConfigurationIsVisible = 0;
			defaultConfigurationName = Release;
		};
/* End XCConfigurationList section */
	};
	rootObject = E747D8D01CED4EFD009443A6 /* Project object */;
}
